// !$*UTF8*$!
{
	archiveVersion = 1;
	classes = {
	};
	objectVersion = 55;
	objects = {

/* Begin PBXBuildFile section */
		3103E50B2919BE4C00B6F05D /* AppDelegate.swift in Sources */ = {isa = PBXBuildFile; fileRef = 3103E50A2919BE4C00B6F05D /* AppDelegate.swift */; };
		3103E50D2919BE4C00B6F05D /* SceneDelegate.swift in Sources */ = {isa = PBXBuildFile; fileRef = 3103E50C2919BE4C00B6F05D /* SceneDelegate.swift */; };
		3103E50F2919BE4C00B6F05D /* CalculatorViewController.swift in Sources */ = {isa = PBXBuildFile; fileRef = 3103E50E2919BE4C00B6F05D /* CalculatorViewController.swift */; };
		3103E5142919BE4F00B6F05D /* Assets.xcassets in Resources */ = {isa = PBXBuildFile; fileRef = 3103E5132919BE4F00B6F05D /* Assets.xcassets */; };
		3103E5172919BE4F00B6F05D /* LaunchScreen.storyboard in Resources */ = {isa = PBXBuildFile; fileRef = 3103E5152919BE4F00B6F05D /* LaunchScreen.storyboard */; };
		3127F426291DDD8100C17C26 /* String+Extension.swift in Sources */ = {isa = PBXBuildFile; fileRef = 3127F425291DDD8100C17C26 /* String+Extension.swift */; };
		3127F428291DDF2900C17C26 /* CurrencyModel.swift in Sources */ = {isa = PBXBuildFile; fileRef = 3127F427291DDF2900C17C26 /* CurrencyModel.swift */; };
		3127F42F291DEA3300C17C26 /* Roboto-Medium.ttf in Resources */ = {isa = PBXBuildFile; fileRef = 3127F42C291DEA3300C17C26 /* Roboto-Medium.ttf */; };
		3127F430291DEA3300C17C26 /* Roboto-Regular.ttf in Resources */ = {isa = PBXBuildFile; fileRef = 3127F42D291DEA3300C17C26 /* Roboto-Regular.ttf */; };
		3127F431291DEA3300C17C26 /* Roboto-Bold.ttf in Resources */ = {isa = PBXBuildFile; fileRef = 3127F42E291DEA3300C17C26 /* Roboto-Bold.ttf */; };
		3127F434291DEA9700C17C26 /* UIFont+Extension.swift in Sources */ = {isa = PBXBuildFile; fileRef = 3127F433291DEA9700C17C26 /* UIFont+Extension.swift */; };
		31C7241D2919E52C009AFA7D /* ResultTableViewCell.swift in Sources */ = {isa = PBXBuildFile; fileRef = 31C7241C2919E52C009AFA7D /* ResultTableViewCell.swift */; };
		31C7241F2919FC7C009AFA7D /* CustomLabel.swift in Sources */ = {isa = PBXBuildFile; fileRef = 31C7241E2919FC7C009AFA7D /* CustomLabel.swift */; };
		31C72421291A0012009AFA7D /* ResultViewModel.swift in Sources */ = {isa = PBXBuildFile; fileRef = 31C72420291A0012009AFA7D /* ResultViewModel.swift */; };
		31C72423291A006D009AFA7D /* ResultModel.swift in Sources */ = {isa = PBXBuildFile; fileRef = 31C72422291A006D009AFA7D /* ResultModel.swift */; };
		31EB1B252919C03D0050EC1A /* UIColor+Extension.swift in Sources */ = {isa = PBXBuildFile; fileRef = 31EB1B242919C03D0050EC1A /* UIColor+Extension.swift */; };
		31EB1B282919C1BC0050EC1A /* CalculatorView.swift in Sources */ = {isa = PBXBuildFile; fileRef = 31EB1B272919C1BC0050EC1A /* CalculatorView.swift */; };
		31EB1B2D2919C2010050EC1A /* CustomTextField.swift in Sources */ = {isa = PBXBuildFile; fileRef = 31EB1B2C2919C2010050EC1A /* CustomTextField.swift */; };
		31EB1B2F2919C4410050EC1A /* CustomStackView.swift in Sources */ = {isa = PBXBuildFile; fileRef = 31EB1B2E2919C4410050EC1A /* CustomStackView.swift */; };
		31EB1B312919C8910050EC1A /* CustomButton.swift in Sources */ = {isa = PBXBuildFile; fileRef = 31EB1B302919C8910050EC1A /* CustomButton.swift */; };
		31EB1B342919E3F20050EC1A /* ResultViewController.swift in Sources */ = {isa = PBXBuildFile; fileRef = 31EB1B332919E3F20050EC1A /* ResultViewController.swift */; };
		31EB1B362919E4090050EC1A /* ResultView.swift in Sources */ = {isa = PBXBuildFile; fileRef = 31EB1B352919E4090050EC1A /* ResultView.swift */; };
/* End PBXBuildFile section */

/* Begin PBXFileReference section */
		3103E5072919BE4C00B6F05D /* Hollerith.app */ = {isa = PBXFileReference; explicitFileType = wrapper.application; includeInIndex = 0; path = Hollerith.app; sourceTree = BUILT_PRODUCTS_DIR; };
		3103E50A2919BE4C00B6F05D /* AppDelegate.swift */ = {isa = PBXFileReference; lastKnownFileType = sourcecode.swift; path = AppDelegate.swift; sourceTree = "<group>"; };
		3103E50C2919BE4C00B6F05D /* SceneDelegate.swift */ = {isa = PBXFileReference; lastKnownFileType = sourcecode.swift; path = SceneDelegate.swift; sourceTree = "<group>"; };
		3103E50E2919BE4C00B6F05D /* CalculatorViewController.swift */ = {isa = PBXFileReference; lastKnownFileType = sourcecode.swift; path = CalculatorViewController.swift; sourceTree = "<group>"; };
		3103E5132919BE4F00B6F05D /* Assets.xcassets */ = {isa = PBXFileReference; lastKnownFileType = folder.assetcatalog; path = Assets.xcassets; sourceTree = "<group>"; };
		3103E5162919BE4F00B6F05D /* Base */ = {isa = PBXFileReference; lastKnownFileType = file.storyboard; name = Base; path = Base.lproj/LaunchScreen.storyboard; sourceTree = "<group>"; };
		3103E5182919BE4F00B6F05D /* Info.plist */ = {isa = PBXFileReference; lastKnownFileType = text.plist.xml; path = Info.plist; sourceTree = "<group>"; };
		3127F425291DDD8100C17C26 /* String+Extension.swift */ = {isa = PBXFileReference; lastKnownFileType = sourcecode.swift; path = "String+Extension.swift"; sourceTree = "<group>"; };
		3127F427291DDF2900C17C26 /* CurrencyModel.swift */ = {isa = PBXFileReference; lastKnownFileType = sourcecode.swift; path = CurrencyModel.swift; sourceTree = "<group>"; };
		3127F42C291DEA3300C17C26 /* Roboto-Medium.ttf */ = {isa = PBXFileReference; lastKnownFileType = file; path = "Roboto-Medium.ttf"; sourceTree = "<group>"; };
		3127F42D291DEA3300C17C26 /* Roboto-Regular.ttf */ = {isa = PBXFileReference; lastKnownFileType = file; path = "Roboto-Regular.ttf"; sourceTree = "<group>"; };
		3127F42E291DEA3300C17C26 /* Roboto-Bold.ttf */ = {isa = PBXFileReference; lastKnownFileType = file; path = "Roboto-Bold.ttf"; sourceTree = "<group>"; };
		3127F433291DEA9700C17C26 /* UIFont+Extension.swift */ = {isa = PBXFileReference; lastKnownFileType = sourcecode.swift; path = "UIFont+Extension.swift"; sourceTree = "<group>"; };
		31C7241C2919E52C009AFA7D /* ResultTableViewCell.swift */ = {isa = PBXFileReference; lastKnownFileType = sourcecode.swift; path = ResultTableViewCell.swift; sourceTree = "<group>"; };
		31C7241E2919FC7C009AFA7D /* CustomLabel.swift */ = {isa = PBXFileReference; lastKnownFileType = sourcecode.swift; path = CustomLabel.swift; sourceTree = "<group>"; };
		31C72420291A0012009AFA7D /* ResultViewModel.swift */ = {isa = PBXFileReference; lastKnownFileType = sourcecode.swift; path = ResultViewModel.swift; sourceTree = "<group>"; };
		31C72422291A006D009AFA7D /* ResultModel.swift */ = {isa = PBXFileReference; lastKnownFileType = sourcecode.swift; path = ResultModel.swift; sourceTree = "<group>"; };
		31EB1B242919C03D0050EC1A /* UIColor+Extension.swift */ = {isa = PBXFileReference; lastKnownFileType = sourcecode.swift; path = "UIColor+Extension.swift"; sourceTree = "<group>"; };
		31EB1B272919C1BC0050EC1A /* CalculatorView.swift */ = {isa = PBXFileReference; lastKnownFileType = sourcecode.swift; path = CalculatorView.swift; sourceTree = "<group>"; };
		31EB1B2C2919C2010050EC1A /* CustomTextField.swift */ = {isa = PBXFileReference; lastKnownFileType = sourcecode.swift; path = CustomTextField.swift; sourceTree = "<group>"; };
		31EB1B2E2919C4410050EC1A /* CustomStackView.swift */ = {isa = PBXFileReference; lastKnownFileType = sourcecode.swift; path = CustomStackView.swift; sourceTree = "<group>"; };
		31EB1B302919C8910050EC1A /* CustomButton.swift */ = {isa = PBXFileReference; lastKnownFileType = sourcecode.swift; path = CustomButton.swift; sourceTree = "<group>"; };
		31EB1B332919E3F20050EC1A /* ResultViewController.swift */ = {isa = PBXFileReference; lastKnownFileType = sourcecode.swift; path = ResultViewController.swift; sourceTree = "<group>"; };
		31EB1B352919E4090050EC1A /* ResultView.swift */ = {isa = PBXFileReference; lastKnownFileType = sourcecode.swift; path = ResultView.swift; sourceTree = "<group>"; };
/* End PBXFileReference section */

/* Begin PBXFrameworksBuildPhase section */
		3103E5042919BE4C00B6F05D /* Frameworks */ = {
			isa = PBXFrameworksBuildPhase;
			buildActionMask = 2147483647;
			files = (
			);
			runOnlyForDeploymentPostprocessing = 0;
		};
/* End PBXFrameworksBuildPhase section */

/* Begin PBXGroup section */
		3103E4FE2919BE4C00B6F05D = {
			isa = PBXGroup;
			children = (
				3103E5092919BE4C00B6F05D /* Hollerith */,
				3103E5082919BE4C00B6F05D /* Products */,
			);
			sourceTree = "<group>";
		};
		3103E5082919BE4C00B6F05D /* Products */ = {
			isa = PBXGroup;
			children = (
				3103E5072919BE4C00B6F05D /* Hollerith.app */,
			);
			name = Products;
			sourceTree = "<group>";
		};
		3103E5092919BE4C00B6F05D /* Hollerith */ = {
			isa = PBXGroup;
			children = (
				3127F429291DEA1300C17C26 /* Infrastructure */,
				31EB1B292919C1E10050EC1A /* AppDelegate */,
				31EB1B322919E3E30050EC1A /* Result */,
				31EB1B262919C1B00050EC1A /* Calculator */,
				3127F432291DEA4100C17C26 /* Files */,
			);
			path = Hollerith;
			sourceTree = "<group>";
		};
		3127F429291DEA1300C17C26 /* Infrastructure */ = {
			isa = PBXGroup;
			children = (
				3127F42A291DEA2100C17C26 /* Fonts */,
				31EB1B2B2919C1F50050EC1A /* Components */,
				31EB1B232919C02D0050EC1A /* Extensions */,
			);
			path = Infrastructure;
			sourceTree = "<group>";
		};
		3127F42A291DEA2100C17C26 /* Fonts */ = {
			isa = PBXGroup;
			children = (
				3127F42B291DEA3300C17C26 /* Roboto */,
			);
			path = Fonts;
			sourceTree = "<group>";
		};
		3127F42B291DEA3300C17C26 /* Roboto */ = {
			isa = PBXGroup;
			children = (
				3127F42C291DEA3300C17C26 /* Roboto-Medium.ttf */,
				3127F42D291DEA3300C17C26 /* Roboto-Regular.ttf */,
				3127F42E291DEA3300C17C26 /* Roboto-Bold.ttf */,
			);
			path = Roboto;
			sourceTree = "<group>";
		};
		3127F432291DEA4100C17C26 /* Files */ = {
			isa = PBXGroup;
			children = (
				3103E5132919BE4F00B6F05D /* Assets.xcassets */,
				3103E5152919BE4F00B6F05D /* LaunchScreen.storyboard */,
				3103E5182919BE4F00B6F05D /* Info.plist */,
			);
			name = Files;
			sourceTree = "<group>";
		};
		31EB1B232919C02D0050EC1A /* Extensions */ = {
			isa = PBXGroup;
			children = (
				31EB1B242919C03D0050EC1A /* UIColor+Extension.swift */,
				3127F425291DDD8100C17C26 /* String+Extension.swift */,
				3127F433291DEA9700C17C26 /* UIFont+Extension.swift */,
			);
			path = Extensions;
			sourceTree = "<group>";
		};
		31EB1B262919C1B00050EC1A /* Calculator */ = {
			isa = PBXGroup;
			children = (
				3103E50E2919BE4C00B6F05D /* CalculatorViewController.swift */,
				31EB1B272919C1BC0050EC1A /* CalculatorView.swift */,
				3127F427291DDF2900C17C26 /* CurrencyModel.swift */,
			);
			path = Calculator;
			sourceTree = "<group>";
		};
		31EB1B292919C1E10050EC1A /* AppDelegate */ = {
			isa = PBXGroup;
			children = (
				3103E50A2919BE4C00B6F05D /* AppDelegate.swift */,
				3103E50C2919BE4C00B6F05D /* SceneDelegate.swift */,
			);
			path = AppDelegate;
			sourceTree = "<group>";
		};
		31EB1B2B2919C1F50050EC1A /* Components */ = {
			isa = PBXGroup;
			children = (
				31EB1B2C2919C2010050EC1A /* CustomTextField.swift */,
				31EB1B2E2919C4410050EC1A /* CustomStackView.swift */,
				31EB1B302919C8910050EC1A /* CustomButton.swift */,
				31C7241E2919FC7C009AFA7D /* CustomLabel.swift */,
			);
			path = Components;
			sourceTree = "<group>";
		};
		31EB1B322919E3E30050EC1A /* Result */ = {
			isa = PBXGroup;
			children = (
				31C72422291A006D009AFA7D /* ResultModel.swift */,
				31EB1B352919E4090050EC1A /* ResultView.swift */,
				31C7241C2919E52C009AFA7D /* ResultTableViewCell.swift */,
				31EB1B332919E3F20050EC1A /* ResultViewController.swift */,
				31C72420291A0012009AFA7D /* ResultViewModel.swift */,
			);
			path = Result;
			sourceTree = "<group>";
		};
/* End PBXGroup section */

/* Begin PBXNativeTarget section */
		3103E5062919BE4C00B6F05D /* Hollerith */ = {
			isa = PBXNativeTarget;
			buildConfigurationList = 3103E51B2919BE4F00B6F05D /* Build configuration list for PBXNativeTarget "Hollerith" */;
			buildPhases = (
				3103E5032919BE4C00B6F05D /* Sources */,
				3103E5042919BE4C00B6F05D /* Frameworks */,
				3103E5052919BE4C00B6F05D /* Resources */,
			);
			buildRules = (
			);
			dependencies = (
			);
			name = Hollerith;
			productName = Hollerith;
			productReference = 3103E5072919BE4C00B6F05D /* Hollerith.app */;
			productType = "com.apple.product-type.application";
		};
/* End PBXNativeTarget section */

/* Begin PBXProject section */
		3103E4FF2919BE4C00B6F05D /* Project object */ = {
			isa = PBXProject;
			attributes = {
				BuildIndependentTargetsInParallel = 1;
				LastSwiftUpdateCheck = 1340;
				LastUpgradeCheck = 1340;
				TargetAttributes = {
					3103E5062919BE4C00B6F05D = {
						CreatedOnToolsVersion = 13.4.1;
					};
				};
			};
			buildConfigurationList = 3103E5022919BE4C00B6F05D /* Build configuration list for PBXProject "Hollerith" */;
			compatibilityVersion = "Xcode 13.0";
			developmentRegion = en;
			hasScannedForEncodings = 0;
			knownRegions = (
				en,
				Base,
			);
			mainGroup = 3103E4FE2919BE4C00B6F05D;
			productRefGroup = 3103E5082919BE4C00B6F05D /* Products */;
			projectDirPath = "";
			projectRoot = "";
			targets = (
				3103E5062919BE4C00B6F05D /* Hollerith */,
			);
		};
/* End PBXProject section */

/* Begin PBXResourcesBuildPhase section */
		3103E5052919BE4C00B6F05D /* Resources */ = {
			isa = PBXResourcesBuildPhase;
			buildActionMask = 2147483647;
			files = (
				3103E5172919BE4F00B6F05D /* LaunchScreen.storyboard in Resources */,
				3103E5142919BE4F00B6F05D /* Assets.xcassets in Resources */,
				3127F431291DEA3300C17C26 /* Roboto-Bold.ttf in Resources */,
				3127F430291DEA3300C17C26 /* Roboto-Regular.ttf in Resources */,
				3127F42F291DEA3300C17C26 /* Roboto-Medium.ttf in Resources */,
			);
			runOnlyForDeploymentPostprocessing = 0;
		};
/* End PBXResourcesBuildPhase section */

/* Begin PBXSourcesBuildPhase section */
		3103E5032919BE4C00B6F05D /* Sources */ = {
			isa = PBXSourcesBuildPhase;
			buildActionMask = 2147483647;
			files = (
				31C7241D2919E52C009AFA7D /* ResultTableViewCell.swift in Sources */,
				3103E50F2919BE4C00B6F05D /* CalculatorViewController.swift in Sources */,
				31EB1B282919C1BC0050EC1A /* CalculatorView.swift in Sources */,
				31EB1B2D2919C2010050EC1A /* CustomTextField.swift in Sources */,
				3103E50B2919BE4C00B6F05D /* AppDelegate.swift in Sources */,
				31EB1B312919C8910050EC1A /* CustomButton.swift in Sources */,
				31EB1B2F2919C4410050EC1A /* CustomStackView.swift in Sources */,
				31C7241F2919FC7C009AFA7D /* CustomLabel.swift in Sources */,
				3103E50D2919BE4C00B6F05D /* SceneDelegate.swift in Sources */,
				31EB1B362919E4090050EC1A /* ResultView.swift in Sources */,
				3127F434291DEA9700C17C26 /* UIFont+Extension.swift in Sources */,
				3127F428291DDF2900C17C26 /* CurrencyModel.swift in Sources */,
				31EB1B252919C03D0050EC1A /* UIColor+Extension.swift in Sources */,
				31EB1B342919E3F20050EC1A /* ResultViewController.swift in Sources */,
				31C72423291A006D009AFA7D /* ResultModel.swift in Sources */,
				3127F426291DDD8100C17C26 /* String+Extension.swift in Sources */,
				31C72421291A0012009AFA7D /* ResultViewModel.swift in Sources */,
			);
			runOnlyForDeploymentPostprocessing = 0;
		};
/* End PBXSourcesBuildPhase section */

/* Begin PBXVariantGroup section */
		3103E5152919BE4F00B6F05D /* LaunchScreen.storyboard */ = {
			isa = PBXVariantGroup;
			children = (
				3103E5162919BE4F00B6F05D /* Base */,
			);
			name = LaunchScreen.storyboard;
			sourceTree = "<group>";
		};
/* End PBXVariantGroup section */

/* Begin XCBuildConfiguration section */
		3103E5192919BE4F00B6F05D /* Debug */ = {
			isa = XCBuildConfiguration;
			buildSettings = {
				ALWAYS_SEARCH_USER_PATHS = NO;
				CLANG_ANALYZER_NONNULL = YES;
				CLANG_ANALYZER_NUMBER_OBJECT_CONVERSION = YES_AGGRESSIVE;
				CLANG_CXX_LANGUAGE_STANDARD = "gnu++17";
				CLANG_ENABLE_MODULES = YES;
				CLANG_ENABLE_OBJC_ARC = YES;
				CLANG_ENABLE_OBJC_WEAK = YES;
				CLANG_WARN_BLOCK_CAPTURE_AUTORELEASING = YES;
				CLANG_WARN_BOOL_CONVERSION = YES;
				CLANG_WARN_COMMA = YES;
				CLANG_WARN_CONSTANT_CONVERSION = YES;
				CLANG_WARN_DEPRECATED_OBJC_IMPLEMENTATIONS = YES;
				CLANG_WARN_DIRECT_OBJC_ISA_USAGE = YES_ERROR;
				CLANG_WARN_DOCUMENTATION_COMMENTS = YES;
				CLANG_WARN_EMPTY_BODY = YES;
				CLANG_WARN_ENUM_CONVERSION = YES;
				CLANG_WARN_INFINITE_RECURSION = YES;
				CLANG_WARN_INT_CONVERSION = YES;
				CLANG_WARN_NON_LITERAL_NULL_CONVERSION = YES;
				CLANG_WARN_OBJC_IMPLICIT_RETAIN_SELF = YES;
				CLANG_WARN_OBJC_LITERAL_CONVERSION = YES;
				CLANG_WARN_OBJC_ROOT_CLASS = YES_ERROR;
				CLANG_WARN_QUOTED_INCLUDE_IN_FRAMEWORK_HEADER = YES;
				CLANG_WARN_RANGE_LOOP_ANALYSIS = YES;
				CLANG_WARN_STRICT_PROTOTYPES = YES;
				CLANG_WARN_SUSPICIOUS_MOVE = YES;
				CLANG_WARN_UNGUARDED_AVAILABILITY = YES_AGGRESSIVE;
				CLANG_WARN_UNREACHABLE_CODE = YES;
				CLANG_WARN__DUPLICATE_METHOD_MATCH = YES;
				COPY_PHASE_STRIP = NO;
				DEBUG_INFORMATION_FORMAT = dwarf;
				ENABLE_STRICT_OBJC_MSGSEND = YES;
				ENABLE_TESTABILITY = YES;
				GCC_C_LANGUAGE_STANDARD = gnu11;
				GCC_DYNAMIC_NO_PIC = NO;
				GCC_NO_COMMON_BLOCKS = YES;
				GCC_OPTIMIZATION_LEVEL = 0;
				GCC_PREPROCESSOR_DEFINITIONS = (
					"DEBUG=1",
					"$(inherited)",
				);
				GCC_WARN_64_TO_32_BIT_CONVERSION = YES;
				GCC_WARN_ABOUT_RETURN_TYPE = YES_ERROR;
				GCC_WARN_UNDECLARED_SELECTOR = YES;
				GCC_WARN_UNINITIALIZED_AUTOS = YES_AGGRESSIVE;
				GCC_WARN_UNUSED_FUNCTION = YES;
				GCC_WARN_UNUSED_VARIABLE = YES;
				IPHONEOS_DEPLOYMENT_TARGET = 15.5;
				MTL_ENABLE_DEBUG_INFO = INCLUDE_SOURCE;
				MTL_FAST_MATH = YES;
				ONLY_ACTIVE_ARCH = YES;
				SDKROOT = iphoneos;
				SWIFT_ACTIVE_COMPILATION_CONDITIONS = DEBUG;
				SWIFT_OPTIMIZATION_LEVEL = "-Onone";
			};
			name = Debug;
		};
		3103E51A2919BE4F00B6F05D /* Release */ = {
			isa = XCBuildConfiguration;
			buildSettings = {
				ALWAYS_SEARCH_USER_PATHS = NO;
				CLANG_ANALYZER_NONNULL = YES;
				CLANG_ANALYZER_NUMBER_OBJECT_CONVERSION = YES_AGGRESSIVE;
				CLANG_CXX_LANGUAGE_STANDARD = "gnu++17";
				CLANG_ENABLE_MODULES = YES;
				CLANG_ENABLE_OBJC_ARC = YES;
				CLANG_ENABLE_OBJC_WEAK = YES;
				CLANG_WARN_BLOCK_CAPTURE_AUTORELEASING = YES;
				CLANG_WARN_BOOL_CONVERSION = YES;
				CLANG_WARN_COMMA = YES;
				CLANG_WARN_CONSTANT_CONVERSION = YES;
				CLANG_WARN_DEPRECATED_OBJC_IMPLEMENTATIONS = YES;
				CLANG_WARN_DIRECT_OBJC_ISA_USAGE = YES_ERROR;
				CLANG_WARN_DOCUMENTATION_COMMENTS = YES;
				CLANG_WARN_EMPTY_BODY = YES;
				CLANG_WARN_ENUM_CONVERSION = YES;
				CLANG_WARN_INFINITE_RECURSION = YES;
				CLANG_WARN_INT_CONVERSION = YES;
				CLANG_WARN_NON_LITERAL_NULL_CONVERSION = YES;
				CLANG_WARN_OBJC_IMPLICIT_RETAIN_SELF = YES;
				CLANG_WARN_OBJC_LITERAL_CONVERSION = YES;
				CLANG_WARN_OBJC_ROOT_CLASS = YES_ERROR;
				CLANG_WARN_QUOTED_INCLUDE_IN_FRAMEWORK_HEADER = YES;
				CLANG_WARN_RANGE_LOOP_ANALYSIS = YES;
				CLANG_WARN_STRICT_PROTOTYPES = YES;
				CLANG_WARN_SUSPICIOUS_MOVE = YES;
				CLANG_WARN_UNGUARDED_AVAILABILITY = YES_AGGRESSIVE;
				CLANG_WARN_UNREACHABLE_CODE = YES;
				CLANG_WARN__DUPLICATE_METHOD_MATCH = YES;
				COPY_PHASE_STRIP = NO;
				DEBUG_INFORMATION_FORMAT = "dwarf-with-dsym";
				ENABLE_NS_ASSERTIONS = NO;
				ENABLE_STRICT_OBJC_MSGSEND = YES;
				GCC_C_LANGUAGE_STANDARD = gnu11;
				GCC_NO_COMMON_BLOCKS = YES;
				GCC_WARN_64_TO_32_BIT_CONVERSION = YES;
				GCC_WARN_ABOUT_RETURN_TYPE = YES_ERROR;
				GCC_WARN_UNDECLARED_SELECTOR = YES;
				GCC_WARN_UNINITIALIZED_AUTOS = YES_AGGRESSIVE;
				GCC_WARN_UNUSED_FUNCTION = YES;
				GCC_WARN_UNUSED_VARIABLE = YES;
				IPHONEOS_DEPLOYMENT_TARGET = 15.5;
				MTL_ENABLE_DEBUG_INFO = NO;
				MTL_FAST_MATH = YES;
				SDKROOT = iphoneos;
				SWIFT_COMPILATION_MODE = wholemodule;
				SWIFT_OPTIMIZATION_LEVEL = "-O";
				VALIDATE_PRODUCT = YES;
			};
			name = Release;
		};
		3103E51C2919BE4F00B6F05D /* Debug */ = {
			isa = XCBuildConfiguration;
			buildSettings = {
				ASSETCATALOG_COMPILER_APPICON_NAME = AppIcon;
				ASSETCATALOG_COMPILER_GLOBAL_ACCENT_COLOR_NAME = AccentColor;
				CODE_SIGN_STYLE = Automatic;
				CURRENT_PROJECT_VERSION = 1;
				DEVELOPMENT_TEAM = P2VHV5YCL6;
				GENERATE_INFOPLIST_FILE = YES;
				INFOPLIST_FILE = Hollerith/Info.plist;
				INFOPLIST_KEY_UIApplicationSupportsIndirectInputEvents = YES;
				INFOPLIST_KEY_UILaunchStoryboardName = LaunchScreen;
				INFOPLIST_KEY_UISupportedInterfaceOrientations_iPad = "UIInterfaceOrientationPortrait UIInterfaceOrientationPortraitUpsideDown UIInterfaceOrientationLandscapeLeft UIInterfaceOrientationLandscapeRight";
				INFOPLIST_KEY_UISupportedInterfaceOrientations_iPhone = "UIInterfaceOrientationPortrait UIInterfaceOrientationLandscapeLeft UIInterfaceOrientationLandscapeRight";
				LD_RUNPATH_SEARCH_PATHS = (
					"$(inherited)",
					"@executable_path/Frameworks",
				);
				MARKETING_VERSION = 1.0;
				PRODUCT_BUNDLE_IDENTIFIER = com.diegoferreira.Hollerith;
				PRODUCT_NAME = "$(TARGET_NAME)";
				SWIFT_EMIT_LOC_STRINGS = YES;
				SWIFT_VERSION = 5.0;
				TARGETED_DEVICE_FAMILY = "1,2";
			};
			name = Debug;
		};
		3103E51D2919BE4F00B6F05D /* Release */ = {
			isa = XCBuildConfiguration;
			buildSettings = {
				ASSETCATALOG_COMPILER_APPICON_NAME = AppIcon;
				ASSETCATALOG_COMPILER_GLOBAL_ACCENT_COLOR_NAME = AccentColor;
				CODE_SIGN_STYLE = Automatic;
				CURRENT_PROJECT_VERSION = 1;
				DEVELOPMENT_TEAM = P2VHV5YCL6;
				GENERATE_INFOPLIST_FILE = YES;
				INFOPLIST_FILE = Hollerith/Info.plist;
				INFOPLIST_KEY_UIApplicationSupportsIndirectInputEvents = YES;
				INFOPLIST_KEY_UILaunchStoryboardName = LaunchScreen;
				INFOPLIST_KEY_UISupportedInterfaceOrientations_iPad = "UIInterfaceOrientationPortrait UIInterfaceOrientationPortraitUpsideDown UIInterfaceOrientationLandscapeLeft UIInterfaceOrientationLandscapeRight";
				INFOPLIST_KEY_UISupportedInterfaceOrientations_iPhone = "UIInterfaceOrientationPortrait UIInterfaceOrientationLandscapeLeft UIInterfaceOrientationLandscapeRight";
				LD_RUNPATH_SEARCH_PATHS = (
					"$(inherited)",
					"@executable_path/Frameworks",
				);
				MARKETING_VERSION = 1.0;
				PRODUCT_BUNDLE_IDENTIFIER = com.diegoferreira.Hollerith;
				PRODUCT_NAME = "$(TARGET_NAME)";
				SWIFT_EMIT_LOC_STRINGS = YES;
				SWIFT_VERSION = 5.0;
				TARGETED_DEVICE_FAMILY = "1,2";
			};
			name = Release;
		};
/* End XCBuildConfiguration section */

/* Begin XCConfigurationList section */
		3103E5022919BE4C00B6F05D /* Build configuration list for PBXProject "Hollerith" */ = {
			isa = XCConfigurationList;
			buildConfigurations = (
				3103E5192919BE4F00B6F05D /* Debug */,
				3103E51A2919BE4F00B6F05D /* Release */,
			);
			defaultConfigurationIsVisible = 0;
			defaultConfigurationName = Release;
		};
		3103E51B2919BE4F00B6F05D /* Build configuration list for PBXNativeTarget "Hollerith" */ = {
			isa = XCConfigurationList;
			buildConfigurations = (
				3103E51C2919BE4F00B6F05D /* Debug */,
				3103E51D2919BE4F00B6F05D /* Release */,
			);
			defaultConfigurationIsVisible = 0;
			defaultConfigurationName = Release;
		};
/* End XCConfigurationList section */
	};
	rootObject = 3103E4FF2919BE4C00B6F05D /* Project object */;
}
